
Microsoft Visual Studio Solution File, Format Version 12.00
# Visual Studio Version 17
VisualStudioVersion = 17.14.36127.28
MinimumVisualStudioVersion = 10.0.40219.1
Project("{2150E333-8FDC-42A3-9474-1A3956D46DE8}") = "Core", "Core", "{02EA681E-C7D8-13C7-8484-4AC65E1B71E8}"
EndProject
Project("{2150E333-8FDC-42A3-9474-1A3956D46DE8}") = "Frontends", "Frontends", "{E4DFE177-EF9A-42A6-8DA9-160BEAB204AD}"
EndProject
Project("{2150E333-8FDC-42A3-9474-1A3956D46DE8}") = "Infrastructure", "Infrastructure", "{B39C3F01-4773-406C-97A2-1B639AA1B7BD}"
EndProject
Project("{2150E333-8FDC-42A3-9474-1A3956D46DE8}") = "Presentation", "Presentation", "{38E114CF-3F32-4AE1-97B4-504CC86658ED}"
EndProject
Project("{FAE04EC0-301F-11D3-BF4B-00C04F79EFBC}") = "MovieApi.Domain", "Core\MovieApi.Domain\MovieApi.Domain.csproj", "{2AFC3EF0-8729-4AAF-8B22-35C55D5A309F}"
EndProject
Project("{FAE04EC0-301F-11D3-BF4B-00C04F79EFBC}") = "MovieApi.Persistence", "Infrastructure\MovieApi.Persistence\MovieApi.Persistence.csproj", "{628A5F90-2D64-4CAB-B944-6CB9691C0275}"
EndProject
Project("{FAE04EC0-301F-11D3-BF4B-00C04F79EFBC}") = "MovieApi.WebApi", "Presentation\MovieApi.WebApi\MovieApi.WebApi.csproj", "{944CCBE5-498C-403F-8EF4-B5EB06C52DF5}"
EndProject
Project("{FAE04EC0-301F-11D3-BF4B-00C04F79EFBC}") = "MovieApi.Application", "Core\MovieApi.Application\MovieApi.Application.csproj", "{2AB9244E-8A89-4F9C-9198-6C620381FF70}"
EndProject
Project("{FAE04EC0-301F-11D3-BF4B-00C04F79EFBC}") = "MovieApi.WebUI", "Frontends\MovieApi.WebUI\MovieApi.WebUI.csproj", "{03BBEDD3-7625-4ABC-86B3-F3A6212019B4}"
EndProject
Global
	GlobalSection(SolutionConfigurationPlatforms) = preSolution
		Debug|Any CPU = Debug|Any CPU
		Release|Any CPU = Release|Any CPU
	EndGlobalSection
	GlobalSection(ProjectConfigurationPlatforms) = postSolution
		{2AFC3EF0-8729-4AAF-8B22-35C55D5A309F}.Debug|Any CPU.ActiveCfg = Debug|Any CPU
		{2AFC3EF0-8729-4AAF-8B22-35C55D5A309F}.Debug|Any CPU.Build.0 = Debug|Any CPU
		{2AFC3EF0-8729-4AAF-8B22-35C55D5A309F}.Release|Any CPU.ActiveCfg = Release|Any CPU
		{2AFC3EF0-8729-4AAF-8B22-35C55D5A309F}.Release|Any CPU.Build.0 = Release|Any CPU
		{628A5F90-2D64-4CAB-B944-6CB9691C0275}.Debug|Any CPU.ActiveCfg = Debug|Any CPU
		{628A5F90-2D64-4CAB-B944-6CB9691C0275}.Debug|Any CPU.Build.0 = Debug|Any CPU
		{628A5F90-2D64-4CAB-B944-6CB9691C0275}.Release|Any CPU.ActiveCfg = Release|Any CPU
		{628A5F90-2D64-4CAB-B944-6CB9691C0275}.Release|Any CPU.Build.0 = Release|Any CPU
		{944CCBE5-498C-403F-8EF4-B5EB06C52DF5}.Debug|Any CPU.ActiveCfg = Debug|Any CPU
		{944CCBE5-498C-403F-8EF4-B5EB06C52DF5}.Debug|Any CPU.Build.0 = Debug|Any CPU
		{944CCBE5-498C-403F-8EF4-B5EB06C52DF5}.Release|Any CPU.ActiveCfg = Release|Any CPU
		{944CCBE5-498C-403F-8EF4-B5EB06C52DF5}.Release|Any CPU.Build.0 = Release|Any CPU
		{2AB9244E-8A89-4F9C-9198-6C620381FF70}.Debug|Any CPU.ActiveCfg = Debug|Any CPU
		{2AB9244E-8A89-4F9C-9198-6C620381FF70}.Debug|Any CPU.Build.0 = Debug|Any CPU
		{2AB9244E-8A89-4F9C-9198-6C620381FF70}.Release|Any CPU.ActiveCfg = Release|Any CPU
		{2AB9244E-8A89-4F9C-9198-6C620381FF70}.Release|Any CPU.Build.0 = Release|Any CPU
		{03BBEDD3-7625-4ABC-86B3-F3A6212019B4}.Debug|Any CPU.ActiveCfg = Debug|Any CPU
		{03BBEDD3-7625-4ABC-86B3-F3A6212019B4}.Debug|Any CPU.Build.0 = Debug|Any CPU
		{03BBEDD3-7625-4ABC-86B3-F3A6212019B4}.Release|Any CPU.ActiveCfg = Release|Any CPU
		{03BBEDD3-7625-4ABC-86B3-F3A6212019B4}.Release|Any CPU.Build.0 = Release|Any CPU
	EndGlobalSection
	GlobalSection(SolutionProperties) = preSolution
		HideSolutionNode = FALSE
	EndGlobalSection
	GlobalSection(NestedProjects) = preSolution
		{2AFC3EF0-8729-4AAF-8B22-35C55D5A309F} = {02EA681E-C7D8-13C7-8484-4AC65E1B71E8}
		{628A5F90-2D64-4CAB-B944-6CB9691C0275} = {B39C3F01-4773-406C-97A2-1B639AA1B7BD}
		{944CCBE5-498C-403F-8EF4-B5EB06C52DF5} = {38E114CF-3F32-4AE1-97B4-504CC86658ED}
		{2AB9244E-8A89-4F9C-9198-6C620381FF70} = {02EA681E-C7D8-13C7-8484-4AC65E1B71E8}
		{03BBEDD3-7625-4ABC-86B3-F3A6212019B4} = {E4DFE177-EF9A-42A6-8DA9-160BEAB204AD}
	EndGlobalSection
	GlobalSection(ExtensibilityGlobals) = postSolution
		SolutionGuid = {6A52875F-BAF7-4146-868A-91B7591EF15C}
	EndGlobalSection
EndGlobal
